// !$*UTF8*$!
{
	archiveVersion = 1;
	classes = {
	};
	objectVersion = 46;
	objects = {

/* Begin PBXBuildFile section */
		9C75837C1C8A7AB600C2941C /* suffix-tree.cpp in Sources */ = {isa = PBXBuildFile; fileRef = 9C75837B1C8A7AB600C2941C /* suffix-tree.cpp */; };
		9C7583851C8A7D6F00C2941C /* CSV-parser.cpp in Sources */ = {isa = PBXBuildFile; fileRef = 9C7583831C8A7D6F00C2941C /* CSV-parser.cpp */; };
		9C7583881C8A8D8700C2941C /* Tree.cpp in Sources */ = {isa = PBXBuildFile; fileRef = 9C7583861C8A8D8700C2941C /* Tree.cpp */; };
/* End PBXBuildFile section */

/* Begin PBXCopyFilesBuildPhase section */
		9C7583761C8A7AB600C2941C /* CopyFiles */ = {
			isa = PBXCopyFilesBuildPhase;
			buildActionMask = 2147483647;
			dstPath = /usr/share/man/man1/;
			dstSubfolderSpec = 0;
			files = (
			);
			runOnlyForDeploymentPostprocessing = 1;
		};
/* End PBXCopyFilesBuildPhase section */

/* Begin PBXFileReference section */
		9C7583781C8A7AB600C2941C /* suffix-tree */ = {isa = PBXFileReference; explicitFileType = "compiled.mach-o.executable"; includeInIndex = 0; path = "suffix-tree"; sourceTree = BUILT_PRODUCTS_DIR; };
		9C75837B1C8A7AB600C2941C /* suffix-tree.cpp */ = {isa = PBXFileReference; lastKnownFileType = sourcecode.cpp.cpp; path = "suffix-tree.cpp"; sourceTree = "<group>"; };
		9C7583831C8A7D6F00C2941C /* CSV-parser.cpp */ = {isa = PBXFileReference; fileEncoding = 4; lastKnownFileType = sourcecode.cpp.cpp; path = "CSV-parser.cpp"; sourceTree = "<group>"; };
		9C7583841C8A7D6F00C2941C /* CSV-parser.h */ = {isa = PBXFileReference; fileEncoding = 4; lastKnownFileType = sourcecode.c.h; path = "CSV-parser.h"; sourceTree = "<group>"; };
		9C7583861C8A8D8700C2941C /* Tree.cpp */ = {isa = PBXFileReference; fileEncoding = 4; lastKnownFileType = sourcecode.cpp.cpp; path = Tree.cpp; sourceTree = "<group>"; };
		9C7583871C8A8D8700C2941C /* Tree.h */ = {isa = PBXFileReference; fileEncoding = 4; lastKnownFileType = sourcecode.c.h; path = Tree.h; sourceTree = "<group>"; };
/* End PBXFileReference section */

/* Begin PBXFrameworksBuildPhase section */
		9C7583751C8A7AB600C2941C /* Frameworks */ = {
			isa = PBXFrameworksBuildPhase;
			buildActionMask = 2147483647;
			files = (
			);
			runOnlyForDeploymentPostprocessing = 0;
		};
/* End PBXFrameworksBuildPhase section */

/* Begin PBXGroup section */
		9C75836F1C8A7AB600C2941C = {
			isa = PBXGroup;
			children = (
				9C75837A1C8A7AB600C2941C /* suffix-tree */,
				9C7583791C8A7AB600C2941C /* Products */,
			);
			sourceTree = "<group>";
		};
		9C7583791C8A7AB600C2941C /* Products */ = {
			isa = PBXGroup;
			children = (
				9C7583781C8A7AB600C2941C /* suffix-tree */,
			);
			name = Products;
			sourceTree = "<group>";
		};
		9C75837A1C8A7AB600C2941C /* suffix-tree */ = {
			isa = PBXGroup;
			children = (
				9C75837B1C8A7AB600C2941C /* suffix-tree.cpp */,
				9C7583871C8A8D8700C2941C /* Tree.h */,
				9C7583861C8A8D8700C2941C /* Tree.cpp */,
				9C7583841C8A7D6F00C2941C /* CSV-parser.h */,
				9C7583831C8A7D6F00C2941C /* CSV-parser.cpp */,
			);
			path = "suffix-tree";
			sourceTree = "<group>";
		};
/* End PBXGroup section */

/* Begin PBXNativeTarget section */
		9C7583771C8A7AB600C2941C /* suffix-tree */ = {
			isa = PBXNativeTarget;
			buildConfigurationList = 9C75837F1C8A7AB600C2941C /* Build configuration list for PBXNativeTarget "suffix-tree" */;
			buildPhases = (
				9C7583741C8A7AB600C2941C /* Sources */,
				9C7583751C8A7AB600C2941C /* Frameworks */,
				9C7583761C8A7AB600C2941C /* CopyFiles */,
			);
			buildRules = (
			);
			dependencies = (
			);
			name = "suffix-tree";
			productName = "suffix-tree";
			productReference = 9C7583781C8A7AB600C2941C /* suffix-tree */;
			productType = "com.apple.product-type.tool";
		};
/* End PBXNativeTarget section */

/* Begin PBXProject section */
		9C7583701C8A7AB600C2941C /* Project object */ = {
			isa = PBXProject;
			attributes = {
				LastUpgradeCheck = 0720;
				ORGANIZATIONNAME = "Emily Walls";
				TargetAttributes = {
					9C7583771C8A7AB600C2941C = {
						CreatedOnToolsVersion = 7.2.1;
					};
				};
			};
			buildConfigurationList = 9C7583731C8A7AB600C2941C /* Build configuration list for PBXProject "suffix-tree" */;
			compatibilityVersion = "Xcode 3.2";
			developmentRegion = English;
			hasScannedForEncodings = 0;
			knownRegions = (
				en,
			);
			mainGroup = 9C75836F1C8A7AB600C2941C;
			productRefGroup = 9C7583791C8A7AB600C2941C /* Products */;
			projectDirPath = "";
			projectRoot = "";
			targets = (
				9C7583771C8A7AB600C2941C /* suffix-tree */,
			);
		};
/* End PBXProject section */

/* Begin PBXSourcesBuildPhase section */
		9C7583741C8A7AB600C2941C /* Sources */ = {
			isa = PBXSourcesBuildPhase;
			buildActionMask = 2147483647;
			files = (
				9C7583881C8A8D8700C2941C /* Tree.cpp in Sources */,
				9C75837C1C8A7AB600C2941C /* suffix-tree.cpp in Sources */,
				9C7583851C8A7D6F00C2941C /* CSV-parser.cpp in Sources */,
			);
			runOnlyForDeploymentPostprocessing = 0;
		};
/* End PBXSourcesBuildPhase section */

/* Begin XCBuildConfiguration section */
		9C75837D1C8A7AB600C2941C /* Debug */ = {
			isa = XCBuildConfiguration;
			buildSettings = {
				ALWAYS_SEARCH_USER_PATHS = NO;
				CLANG_CXX_LANGUAGE_STANDARD = "gnu++0x";
				CLANG_CXX_LIBRARY = "libc++";
				CLANG_ENABLE_MODULES = YES;
				CLANG_ENABLE_OBJC_ARC = YES;
				CLANG_WARN_BOOL_CONVERSION = YES;
				CLANG_WARN_CONSTANT_CONVERSION = YES;
				CLANG_WARN_DIRECT_OBJC_ISA_USAGE = YES_ERROR;
				CLANG_WARN_EMPTY_BODY = YES;
				CLANG_WARN_ENUM_CONVERSION = YES;
				CLANG_WARN_INT_CONVERSION = YES;
				CLANG_WARN_OBJC_ROOT_CLASS = YES_ERROR;
				CLANG_WARN_UNREACHABLE_CODE = YES;
				CLANG_WARN__DUPLICATE_METHOD_MATCH = YES;
				CODE_SIGN_IDENTITY = "-";
				COPY_PHASE_STRIP = NO;
				DEBUG_INFORMATION_FORMAT = dwarf;
				ENABLE_STRICT_OBJC_MSGSEND = YES;
				ENABLE_TESTABILITY = YES;
				GCC_C_LANGUAGE_STANDARD = gnu99;
				GCC_DYNAMIC_NO_PIC = NO;
				GCC_NO_COMMON_BLOCKS = YES;
				GCC_OPTIMIZATION_LEVEL = 0;
				GCC_PREPROCESSOR_DEFINITIONS = (
					"DEBUG=1",
					"$(inherited)",
				);
				GCC_WARN_64_TO_32_BIT_CONVERSION = YES;
				GCC_WARN_ABOUT_RETURN_TYPE = YES_ERROR;
				GCC_WARN_UNDECLARED_SELECTOR = YES;
				GCC_WARN_UNINITIALIZED_AUTOS = YES_AGGRESSIVE;
				GCC_WARN_UNUSED_FUNCTION = YES;
				GCC_WARN_UNUSED_VARIABLE = YES;
				MACOSX_DEPLOYMENT_TARGET = 10.10;
				MTL_ENABLE_DEBUG_INFO = YES;
				ONLY_ACTIVE_ARCH = YES;
				SDKROOT = macosx;
			};
			name = Debug;
		};
		9C75837E1C8A7AB600C2941C /* Release */ = {
			isa = XCBuildConfiguration;
			buildSettings = {
				ALWAYS_SEARCH_USER_PATHS = NO;
				CLANG_CXX_LANGUAGE_STANDARD = "gnu++0x";
				CLANG_CXX_LIBRARY = "libc++";
				CLANG_ENABLE_MODULES = YES;
				CLANG_ENABLE_OBJC_ARC = YES;
				CLANG_WARN_BOOL_CONVERSION = YES;
				CLANG_WARN_CONSTANT_CONVERSION = YES;
				CLANG_WARN_DIRECT_OBJC_ISA_USAGE = YES_ERROR;
				CLANG_WARN_EMPTY_BODY = YES;
				CLANG_WARN_ENUM_CONVERSION = YES;
				CLANG_WARN_INT_CONVERSION = YES;
				CLANG_WARN_OBJC_ROOT_CLASS = YES_ERROR;
				CLANG_WARN_UNREACHABLE_CODE = YES;
				CLANG_WARN__DUPLICATE_METHOD_MATCH = YES;
				CODE_SIGN_IDENTITY = "-";
				COPY_PHASE_STRIP = NO;
				DEBUG_INFORMATION_FORMAT = "dwarf-with-dsym";
				ENABLE_NS_ASSERTIONS = NO;
				ENABLE_STRICT_OBJC_MSGSEND = YES;
				GCC_C_LANGUAGE_STANDARD = gnu99;
				GCC_NO_COMMON_BLOCKS = YES;
				GCC_WARN_64_TO_32_BIT_CONVERSION = YES;
				GCC_WARN_ABOUT_RETURN_TYPE = YES_ERROR;
				GCC_WARN_UNDECLARED_SELECTOR = YES;
				GCC_WARN_UNINITIALIZED_AUTOS = YES_AGGRESSIVE;
				GCC_WARN_UNUSED_FUNCTION = YES;
				GCC_WARN_UNUSED_VARIABLE = YES;
				MACOSX_DEPLOYMENT_TARGET = 10.10;
				MTL_ENABLE_DEBUG_INFO = NO;
				SDKROOT = macosx;
			};
			name = Release;
		};
		9C7583801C8A7AB600C2941C /* Debug */ = {
			isa = XCBuildConfiguration;
			buildSettings = {
				PRODUCT_NAME = "$(TARGET_NAME)";
			};
			name = Debug;
		};
		9C7583811C8A7AB600C2941C /* Release */ = {
			isa = XCBuildConfiguration;
			buildSettings = {
				PRODUCT_NAME = "$(TARGET_NAME)";
			};
			name = Release;
		};
/* End XCBuildConfiguration section */

/* Begin XCConfigurationList section */
		9C7583731C8A7AB600C2941C /* Build configuration list for PBXProject "suffix-tree" */ = {
			isa = XCConfigurationList;
			buildConfigurations = (
				9C75837D1C8A7AB600C2941C /* Debug */,
				9C75837E1C8A7AB600C2941C /* Release */,
			);
			defaultConfigurationIsVisible = 0;
			defaultConfigurationName = Release;
		};
		9C75837F1C8A7AB600C2941C /* Build configuration list for PBXNativeTarget "suffix-tree" */ = {
			isa = XCConfigurationList;
			buildConfigurations = (
				9C7583801C8A7AB600C2941C /* Debug */,
				9C7583811C8A7AB600C2941C /* Release */,
			);
			defaultConfigurationIsVisible = 0;
		};
/* End XCConfigurationList section */
	};
	rootObject = 9C7583701C8A7AB600C2941C /* Project object */;
}
